
Microsoft Visual Studio Solution File, Format Version 12.00
# Visual Studio Version 17
VisualStudioVersion = 17.11.35312.102
MinimumVisualStudioVersion = 10.0.40219.1
Project("{9A19103F-16F7-4668-BE54-9A1E7A4F7556}") = "GrpcService", "GrpcService\GrpcService.csproj", "{BE7B448C-8425-4EFE-9569-9F5F91F439E0}"
EndProject
Project("{FAE04EC0-301F-11D3-BF4B-00C04F79EFBC}") = "GrpcAddressBookClient", "GrpcAddressBookClient\GrpcAddressBookClient.csproj", "{F3B7BE84-A7A7-48F4-8EA8-C9F2697A6EFD}"
EndProject
Global
	GlobalSection(SolutionConfigurationPlatforms) = preSolution
		Debug|Any CPU = Debug|Any CPU
		Release|Any CPU = Release|Any CPU
	EndGlobalSection
	GlobalSection(ProjectConfigurationPlatforms) = postSolution
		{BE7B448C-8425-4EFE-9569-9F5F91F439E0}.Debug|Any CPU.ActiveCfg = Debug|Any CPU
		{BE7B448C-8425-4EFE-9569-9F5F91F439E0}.Debug|Any CPU.Build.0 = Debug|Any CPU
		{BE7B448C-8425-4EFE-9569-9F5F91F439E0}.Release|Any CPU.ActiveCfg = Release|Any CPU
		{BE7B448C-8425-4EFE-9569-9F5F91F439E0}.Release|Any CPU.Build.0 = Release|Any CPU
		{F3B7BE84-A7A7-48F4-8EA8-C9F2697A6EFD}.Debug|Any CPU.ActiveCfg = Debug|Any CPU
		{F3B7BE84-A7A7-48F4-8EA8-C9F2697A6EFD}.Debug|Any CPU.Build.0 = Debug|Any CPU
		{F3B7BE84-A7A7-48F4-8EA8-C9F2697A6EFD}.Release|Any CPU.ActiveCfg = Release|Any CPU
		{F3B7BE84-A7A7-48F4-8EA8-C9F2697A6EFD}.Release|Any CPU.Build.0 = Release|Any CPU
	EndGlobalSection
	GlobalSection(SolutionProperties) = preSolution
		HideSolutionNode = FALSE
	EndGlobalSection
	GlobalSection(ExtensibilityGlobals) = postSolution
		SolutionGuid = {EF03C0BA-E9E3-49A9-AC10-9632152E4314}
	EndGlobalSection
EndGlobal
